
Microsoft Visual Studio Solution File, Format Version 11.00
# Visual Studio 2012
Project("{FAE04EC0-301F-11D3-BF4B-00C04F79EFBC}") = "EcaPaymentServer", "EcaPaymentServer\EcaPaymentServer.csproj", "{840CDFCF-92C2-46C7-A62A-5EE0BE92A3B8}"
EndProject
Global
	GlobalSection(SolutionConfigurationPlatforms) = preSolution
		Debug|Any CPU = Debug|Any CPU
		Release|Any CPU = Release|Any CPU
	EndGlobalSection
	GlobalSection(ProjectConfigurationPlatforms) = postSolution
		{840CDFCF-92C2-46C7-A62A-5EE0BE92A3B8}.Debug|Any CPU.ActiveCfg = Debug|Any CPU
		{840CDFCF-92C2-46C7-A62A-5EE0BE92A3B8}.Debug|Any CPU.Build.0 = Debug|Any CPU
		{840CDFCF-92C2-46C7-A62A-5EE0BE92A3B8}.Release|Any CPU.ActiveCfg = Release|Any CPU
		{840CDFCF-92C2-46C7-A62A-5EE0BE92A3B8}.Release|Any CPU.Build.0 = Release|Any CPU
	EndGlobalSection
	GlobalSection(SolutionProperties) = preSolution
		HideSolutionNode = FALSE
	EndGlobalSection
EndGlobal
